// !$*UTF8*$!
{
	archiveVersion = 1;
	classes = {
	};
	objectVersion = 55;
	objects = {

/* Begin PBXBuildFile section */
		FF1866CC280A77530028674B /* CoinRowView.swift in Sources */ = {isa = PBXBuildFile; fileRef = FF1866CB280A77530028674B /* CoinRowView.swift */; };
		FF1866CE280A77BF0028674B /* PreviewProvider.swift in Sources */ = {isa = PBXBuildFile; fileRef = FF1866CD280A77BF0028674B /* PreviewProvider.swift */; };
		FF1866D0280A7A630028674B /* Double.swift in Sources */ = {isa = PBXBuildFile; fileRef = FF1866CF280A7A630028674B /* Double.swift */; };
		FF1866D2280A81970028674B /* HomeViewModel.swift in Sources */ = {isa = PBXBuildFile; fileRef = FF1866D1280A81970028674B /* HomeViewModel.swift */; };
		FF1866D5280C4CC70028674B /* CoinDataService.swift in Sources */ = {isa = PBXBuildFile; fileRef = FF1866D4280C4CC60028674B /* CoinDataService.swift */; };
		FF1866D8280DDB710028674B /* NetworkingManager.swift in Sources */ = {isa = PBXBuildFile; fileRef = FF1866D7280DDB700028674B /* NetworkingManager.swift */; };
		FF1866DB280DE0A40028674B /* CoinImageView.swift in Sources */ = {isa = PBXBuildFile; fileRef = FF1866DA280DE0A40028674B /* CoinImageView.swift */; };
		FF1866DD280DE2060028674B /* CoinImageService.swift in Sources */ = {isa = PBXBuildFile; fileRef = FF1866DC280DE2060028674B /* CoinImageService.swift */; };
		FF1866DF280DE3640028674B /* CoinImageViewModel.swift in Sources */ = {isa = PBXBuildFile; fileRef = FF1866DE280DE3640028674B /* CoinImageViewModel.swift */; };
		FF526D8228148F8E00E84A9B /* StatisticModel.swift in Sources */ = {isa = PBXBuildFile; fileRef = FF526D8128148F8E00E84A9B /* StatisticModel.swift */; };
		FF526D842814911F00E84A9B /* StatisticView.swift in Sources */ = {isa = PBXBuildFile; fileRef = FF526D832814911F00E84A9B /* StatisticView.swift */; };
		FF526D86281493F100E84A9B /* HomeStatsView.swift in Sources */ = {isa = PBXBuildFile; fileRef = FF526D85281493F100E84A9B /* HomeStatsView.swift */; };
		FF526D88281496DE00E84A9B /* MarketDataModel.swift in Sources */ = {isa = PBXBuildFile; fileRef = FF526D87281496DE00E84A9B /* MarketDataModel.swift */; };
		FF526D8A281499C600E84A9B /* MarketDataService.swift in Sources */ = {isa = PBXBuildFile; fileRef = FF526D89281499C600E84A9B /* MarketDataService.swift */; };
		FF69887D280FB89E00EF8A4F /* LocalFileManager.swift in Sources */ = {isa = PBXBuildFile; fileRef = FF69887C280FB89E00EF8A4F /* LocalFileManager.swift */; };
		FFC86D2B2811047100BD5EA3 /* SearchBarView.swift in Sources */ = {isa = PBXBuildFile; fileRef = FFC86D2A2811047100BD5EA3 /* SearchBarView.swift */; };
		FFC86D2D2811089400BD5EA3 /* UIApplication.swift in Sources */ = {isa = PBXBuildFile; fileRef = FFC86D2C2811089400BD5EA3 /* UIApplication.swift */; };
		FFD28DF62806F60400E1F02F /* SwiftfulCryptoApp.swift in Sources */ = {isa = PBXBuildFile; fileRef = FFD28DF52806F60400E1F02F /* SwiftfulCryptoApp.swift */; };
		FFD28DF82806F60400E1F02F /* ContentView.swift in Sources */ = {isa = PBXBuildFile; fileRef = FFD28DF72806F60400E1F02F /* ContentView.swift */; };
		FFD28DFA2806F60700E1F02F /* Assets.xcassets in Resources */ = {isa = PBXBuildFile; fileRef = FFD28DF92806F60700E1F02F /* Assets.xcassets */; };
		FFD28DFD2806F60700E1F02F /* Preview Assets.xcassets in Resources */ = {isa = PBXBuildFile; fileRef = FFD28DFC2806F60700E1F02F /* Preview Assets.xcassets */; };
		FFD28E052806F8D600E1F02F /* Color.swift in Sources */ = {isa = PBXBuildFile; fileRef = FFD28E042806F8D600E1F02F /* Color.swift */; };
		FFD28E0B2807C19B00E1F02F /* HomeView.swift in Sources */ = {isa = PBXBuildFile; fileRef = FFD28E0A2807C19B00E1F02F /* HomeView.swift */; };
		FFD28E0F2807C27100E1F02F /* CircleButtonView.swift in Sources */ = {isa = PBXBuildFile; fileRef = FFD28E0E2807C27100E1F02F /* CircleButtonView.swift */; };
		FFD28E112807C4E000E1F02F /* CircleButtonAnimationView.swift in Sources */ = {isa = PBXBuildFile; fileRef = FFD28E102807C4E000E1F02F /* CircleButtonAnimationView.swift */; };
		FFD28E2E280851CF00E1F02F /* CoinModel.swift in Sources */ = {isa = PBXBuildFile; fileRef = FFD28E2D280851CE00E1F02F /* CoinModel.swift */; };
/* End PBXBuildFile section */

/* Begin PBXFileReference section */
		FF1866CB280A77530028674B /* CoinRowView.swift */ = {isa = PBXFileReference; lastKnownFileType = sourcecode.swift; path = CoinRowView.swift; sourceTree = "<group>"; };
		FF1866CD280A77BF0028674B /* PreviewProvider.swift */ = {isa = PBXFileReference; lastKnownFileType = sourcecode.swift; path = PreviewProvider.swift; sourceTree = "<group>"; };
		FF1866CF280A7A630028674B /* Double.swift */ = {isa = PBXFileReference; lastKnownFileType = sourcecode.swift; path = Double.swift; sourceTree = "<group>"; };
		FF1866D1280A81970028674B /* HomeViewModel.swift */ = {isa = PBXFileReference; lastKnownFileType = sourcecode.swift; path = HomeViewModel.swift; sourceTree = "<group>"; };
		FF1866D4280C4CC60028674B /* CoinDataService.swift */ = {isa = PBXFileReference; lastKnownFileType = sourcecode.swift; path = CoinDataService.swift; sourceTree = "<group>"; };
		FF1866D7280DDB700028674B /* NetworkingManager.swift */ = {isa = PBXFileReference; lastKnownFileType = sourcecode.swift; path = NetworkingManager.swift; sourceTree = "<group>"; };
		FF1866DA280DE0A40028674B /* CoinImageView.swift */ = {isa = PBXFileReference; lastKnownFileType = sourcecode.swift; path = CoinImageView.swift; sourceTree = "<group>"; };
		FF1866DC280DE2060028674B /* CoinImageService.swift */ = {isa = PBXFileReference; lastKnownFileType = sourcecode.swift; path = CoinImageService.swift; sourceTree = "<group>"; };
		FF1866DE280DE3640028674B /* CoinImageViewModel.swift */ = {isa = PBXFileReference; lastKnownFileType = sourcecode.swift; path = CoinImageViewModel.swift; sourceTree = "<group>"; };
		FF526D8128148F8E00E84A9B /* StatisticModel.swift */ = {isa = PBXFileReference; lastKnownFileType = sourcecode.swift; path = StatisticModel.swift; sourceTree = "<group>"; };
		FF526D832814911F00E84A9B /* StatisticView.swift */ = {isa = PBXFileReference; lastKnownFileType = sourcecode.swift; path = StatisticView.swift; sourceTree = "<group>"; };
		FF526D85281493F100E84A9B /* HomeStatsView.swift */ = {isa = PBXFileReference; lastKnownFileType = sourcecode.swift; path = HomeStatsView.swift; sourceTree = "<group>"; };
		FF526D87281496DE00E84A9B /* MarketDataModel.swift */ = {isa = PBXFileReference; lastKnownFileType = sourcecode.swift; path = MarketDataModel.swift; sourceTree = "<group>"; };
		FF526D89281499C600E84A9B /* MarketDataService.swift */ = {isa = PBXFileReference; lastKnownFileType = sourcecode.swift; path = MarketDataService.swift; sourceTree = "<group>"; };
		FF69887C280FB89E00EF8A4F /* LocalFileManager.swift */ = {isa = PBXFileReference; lastKnownFileType = sourcecode.swift; path = LocalFileManager.swift; sourceTree = "<group>"; };
		FFC86D2A2811047100BD5EA3 /* SearchBarView.swift */ = {isa = PBXFileReference; lastKnownFileType = sourcecode.swift; path = SearchBarView.swift; sourceTree = "<group>"; };
		FFC86D2C2811089400BD5EA3 /* UIApplication.swift */ = {isa = PBXFileReference; lastKnownFileType = sourcecode.swift; path = UIApplication.swift; sourceTree = "<group>"; };
		FFD28DF22806F60300E1F02F /* Crypto tracker.app */ = {isa = PBXFileReference; explicitFileType = wrapper.application; includeInIndex = 0; path = "Crypto tracker.app"; sourceTree = BUILT_PRODUCTS_DIR; };
		FFD28DF52806F60400E1F02F /* SwiftfulCryptoApp.swift */ = {isa = PBXFileReference; lastKnownFileType = sourcecode.swift; path = SwiftfulCryptoApp.swift; sourceTree = "<group>"; };
		FFD28DF72806F60400E1F02F /* ContentView.swift */ = {isa = PBXFileReference; lastKnownFileType = sourcecode.swift; path = ContentView.swift; sourceTree = "<group>"; };
		FFD28DF92806F60700E1F02F /* Assets.xcassets */ = {isa = PBXFileReference; lastKnownFileType = folder.assetcatalog; path = Assets.xcassets; sourceTree = "<group>"; };
		FFD28DFC2806F60700E1F02F /* Preview Assets.xcassets */ = {isa = PBXFileReference; lastKnownFileType = folder.assetcatalog; path = "Preview Assets.xcassets"; sourceTree = "<group>"; };
		FFD28E042806F8D600E1F02F /* Color.swift */ = {isa = PBXFileReference; lastKnownFileType = sourcecode.swift; path = Color.swift; sourceTree = "<group>"; };
		FFD28E0A2807C19B00E1F02F /* HomeView.swift */ = {isa = PBXFileReference; lastKnownFileType = sourcecode.swift; path = HomeView.swift; sourceTree = "<group>"; };
		FFD28E0E2807C27100E1F02F /* CircleButtonView.swift */ = {isa = PBXFileReference; lastKnownFileType = sourcecode.swift; path = CircleButtonView.swift; sourceTree = "<group>"; };
		FFD28E102807C4E000E1F02F /* CircleButtonAnimationView.swift */ = {isa = PBXFileReference; lastKnownFileType = sourcecode.swift; path = CircleButtonAnimationView.swift; sourceTree = "<group>"; };
		FFD28E2D280851CE00E1F02F /* CoinModel.swift */ = {isa = PBXFileReference; lastKnownFileType = sourcecode.swift; path = CoinModel.swift; sourceTree = "<group>"; };
/* End PBXFileReference section */

/* Begin PBXFrameworksBuildPhase section */
		FFD28DEF2806F60300E1F02F /* Frameworks */ = {
			isa = PBXFrameworksBuildPhase;
			buildActionMask = 2147483647;
			files = (
			);
			runOnlyForDeploymentPostprocessing = 0;
		};
/* End PBXFrameworksBuildPhase section */

/* Begin PBXGroup section */
		FF1866D3280C4C990028674B /* Services */ = {
			isa = PBXGroup;
			children = (
				FF1866D4280C4CC60028674B /* CoinDataService.swift */,
				FF1866DC280DE2060028674B /* CoinImageService.swift */,
				FF526D89281499C600E84A9B /* MarketDataService.swift */,
			);
			path = Services;
			sourceTree = "<group>";
		};
		FF1866D6280DDB2B0028674B /* Utilities */ = {
			isa = PBXGroup;
			children = (
				FF1866D7280DDB700028674B /* NetworkingManager.swift */,
				FF69887C280FB89E00EF8A4F /* LocalFileManager.swift */,
			);
			path = Utilities;
			sourceTree = "<group>";
		};
		FF1866D9280DE0900028674B /* Coinimage */ = {
			isa = PBXGroup;
			children = (
				FF1866DA280DE0A40028674B /* CoinImageView.swift */,
				FF1866DE280DE3640028674B /* CoinImageViewModel.swift */,
			);
			path = Coinimage;
			sourceTree = "<group>";
		};
		FFD28DE92806F60300E1F02F = {
			isa = PBXGroup;
			children = (
				FFD28DF42806F60400E1F02F /* SwiftfulCrypto */,
				FFD28DF32806F60300E1F02F /* Products */,
			);
			sourceTree = "<group>";
		};
		FFD28DF32806F60300E1F02F /* Products */ = {
			isa = PBXGroup;
			children = (
				FFD28DF22806F60300E1F02F /* Crypto tracker.app */,
			);
			name = Products;
			sourceTree = "<group>";
		};
		FFD28DF42806F60400E1F02F /* SwiftfulCrypto */ = {
			isa = PBXGroup;
			children = (
				FF1866D6280DDB2B0028674B /* Utilities */,
				FF1866D3280C4C990028674B /* Services */,
				FFD28E2C280851B600E1F02F /* Models */,
				FFD28E062807C15500E1F02F /* Core */,
				FFD28E032806F8C400E1F02F /* Extensions */,
				FFD28DF52806F60400E1F02F /* SwiftfulCryptoApp.swift */,
				FFD28DF72806F60400E1F02F /* ContentView.swift */,
				FFD28DF92806F60700E1F02F /* Assets.xcassets */,
				FFD28DFB2806F60700E1F02F /* Preview Content */,
			);
			path = SwiftfulCrypto;
			sourceTree = "<group>";
		};
		FFD28DFB2806F60700E1F02F /* Preview Content */ = {
			isa = PBXGroup;
			children = (
				FFD28DFC2806F60700E1F02F /* Preview Assets.xcassets */,
			);
			path = "Preview Content";
			sourceTree = "<group>";
		};
		FFD28E032806F8C400E1F02F /* Extensions */ = {
			isa = PBXGroup;
			children = (
				FFD28E042806F8D600E1F02F /* Color.swift */,
				FF1866CD280A77BF0028674B /* PreviewProvider.swift */,
				FF1866CF280A7A630028674B /* Double.swift */,
				FFC86D2C2811089400BD5EA3 /* UIApplication.swift */,
			);
			path = Extensions;
			sourceTree = "<group>";
		};
		FFD28E062807C15500E1F02F /* Core */ = {
			isa = PBXGroup;
			children = (
				FFD28E0C2807C24D00E1F02F /* Components */,
				FFD28E072807C16100E1F02F /* Home */,
			);
			path = Core;
			sourceTree = "<group>";
		};
		FFD28E072807C16100E1F02F /* Home */ = {
			isa = PBXGroup;
			children = (
				FFD28E092807C17D00E1F02F /* ViewModels */,
				FFD28E082807C17200E1F02F /* Views */,
			);
			path = Home;
			sourceTree = "<group>";
		};
		FFD28E082807C17200E1F02F /* Views */ = {
			isa = PBXGroup;
			children = (
				FFD28E0A2807C19B00E1F02F /* HomeView.swift */,
				FF1866CB280A77530028674B /* CoinRowView.swift */,
				FF526D85281493F100E84A9B /* HomeStatsView.swift */,
			);
			path = Views;
			sourceTree = "<group>";
		};
		FFD28E092807C17D00E1F02F /* ViewModels */ = {
			isa = PBXGroup;
			children = (
				FF1866D1280A81970028674B /* HomeViewModel.swift */,
			);
			path = ViewModels;
			sourceTree = "<group>";
		};
		FFD28E0C2807C24D00E1F02F /* Components */ = {
			isa = PBXGroup;
			children = (
				FF1866D9280DE0900028674B /* Coinimage */,
				FFD28E0D2807C25A00E1F02F /* CircleButton */,
				FFC86D2A2811047100BD5EA3 /* SearchBarView.swift */,
				FF526D832814911F00E84A9B /* StatisticView.swift */,
			);
			path = Components;
			sourceTree = "<group>";
		};
		FFD28E0D2807C25A00E1F02F /* CircleButton */ = {
			isa = PBXGroup;
			children = (
				FFD28E0E2807C27100E1F02F /* CircleButtonView.swift */,
				FFD28E102807C4E000E1F02F /* CircleButtonAnimationView.swift */,
			);
			path = CircleButton;
			sourceTree = "<group>";
		};
		FFD28E2C280851B600E1F02F /* Models */ = {
			isa = PBXGroup;
			children = (
				FFD28E2D280851CE00E1F02F /* CoinModel.swift */,
				FF526D8128148F8E00E84A9B /* StatisticModel.swift */,
				FF526D87281496DE00E84A9B /* MarketDataModel.swift */,
			);
			path = Models;
			sourceTree = "<group>";
		};
/* End PBXGroup section */

/* Begin PBXNativeTarget section */
		FFD28DF12806F60300E1F02F /* SwiftfulCrypto */ = {
			isa = PBXNativeTarget;
			buildConfigurationList = FFD28E002806F60700E1F02F /* Build configuration list for PBXNativeTarget "SwiftfulCrypto" */;
			buildPhases = (
				FFD28DEE2806F60300E1F02F /* Sources */,
				FFD28DEF2806F60300E1F02F /* Frameworks */,
				FFD28DF02806F60300E1F02F /* Resources */,
			);
			buildRules = (
			);
			dependencies = (
			);
			name = SwiftfulCrypto;
			productName = SwiftfulCrypto;
			productReference = FFD28DF22806F60300E1F02F /* Crypto tracker.app */;
			productType = "com.apple.product-type.application";
		};
/* End PBXNativeTarget section */

/* Begin PBXProject section */
		FFD28DEA2806F60300E1F02F /* Project object */ = {
			isa = PBXProject;
			attributes = {
				BuildIndependentTargetsInParallel = 1;
				LastSwiftUpdateCheck = 1330;
				LastUpgradeCheck = 1330;
				TargetAttributes = {
					FFD28DF12806F60300E1F02F = {
						CreatedOnToolsVersion = 13.3;
					};
				};
			};
			buildConfigurationList = FFD28DED2806F60300E1F02F /* Build configuration list for PBXProject "SwiftfulCrypto" */;
			compatibilityVersion = "Xcode 13.0";
			developmentRegion = en;
			hasScannedForEncodings = 0;
			knownRegions = (
				en,
				Base,
			);
			mainGroup = FFD28DE92806F60300E1F02F;
			productRefGroup = FFD28DF32806F60300E1F02F /* Products */;
			projectDirPath = "";
			projectRoot = "";
			targets = (
				FFD28DF12806F60300E1F02F /* SwiftfulCrypto */,
			);
		};
/* End PBXProject section */

/* Begin PBXResourcesBuildPhase section */
		FFD28DF02806F60300E1F02F /* Resources */ = {
			isa = PBXResourcesBuildPhase;
			buildActionMask = 2147483647;
			files = (
				FFD28DFD2806F60700E1F02F /* Preview Assets.xcassets in Resources */,
				FFD28DFA2806F60700E1F02F /* Assets.xcassets in Resources */,
			);
			runOnlyForDeploymentPostprocessing = 0;
		};
/* End PBXResourcesBuildPhase section */

/* Begin PBXSourcesBuildPhase section */
		FFD28DEE2806F60300E1F02F /* Sources */ = {
			isa = PBXSourcesBuildPhase;
			buildActionMask = 2147483647;
			files = (
				FF526D8228148F8E00E84A9B /* StatisticModel.swift in Sources */,
				FF1866D5280C4CC70028674B /* CoinDataService.swift in Sources */,
				FF1866CC280A77530028674B /* CoinRowView.swift in Sources */,
				FF1866D2280A81970028674B /* HomeViewModel.swift in Sources */,
				FFD28DF82806F60400E1F02F /* ContentView.swift in Sources */,
				FF69887D280FB89E00EF8A4F /* LocalFileManager.swift in Sources */,
				FF526D88281496DE00E84A9B /* MarketDataModel.swift in Sources */,
				FFD28E0B2807C19B00E1F02F /* HomeView.swift in Sources */,
				FF526D842814911F00E84A9B /* StatisticView.swift in Sources */,
				FF1866DB280DE0A40028674B /* CoinImageView.swift in Sources */,
				FFD28DF62806F60400E1F02F /* SwiftfulCryptoApp.swift in Sources */,
				FFC86D2D2811089400BD5EA3 /* UIApplication.swift in Sources */,
				FFD28E0F2807C27100E1F02F /* CircleButtonView.swift in Sources */,
				FFD28E052806F8D600E1F02F /* Color.swift in Sources */,
				FFC86D2B2811047100BD5EA3 /* SearchBarView.swift in Sources */,
				FF1866D8280DDB710028674B /* NetworkingManager.swift in Sources */,
				FF526D86281493F100E84A9B /* HomeStatsView.swift in Sources */,
				FF526D8A281499C600E84A9B /* MarketDataService.swift in Sources */,
				FFD28E112807C4E000E1F02F /* CircleButtonAnimationView.swift in Sources */,
				FF1866DF280DE3640028674B /* CoinImageViewModel.swift in Sources */,
				FF1866CE280A77BF0028674B /* PreviewProvider.swift in Sources */,
				FF1866D0280A7A630028674B /* Double.swift in Sources */,
				FF1866DD280DE2060028674B /* CoinImageService.swift in Sources */,
				FFD28E2E280851CF00E1F02F /* CoinModel.swift in Sources */,
			);
			runOnlyForDeploymentPostprocessing = 0;
		};
/* End PBXSourcesBuildPhase section */

/* Begin XCBuildConfiguration section */
		FFD28DFE2806F60700E1F02F /* Debug */ = {
			isa = XCBuildConfiguration;
			buildSettings = {
				ALWAYS_SEARCH_USER_PATHS = NO;
				CLANG_ANALYZER_NONNULL = YES;
				CLANG_ANALYZER_NUMBER_OBJECT_CONVERSION = YES_AGGRESSIVE;
				CLANG_CXX_LANGUAGE_STANDARD = "gnu++17";
				CLANG_ENABLE_MODULES = YES;
				CLANG_ENABLE_OBJC_ARC = YES;
				CLANG_ENABLE_OBJC_WEAK = YES;
				CLANG_WARN_BLOCK_CAPTURE_AUTORELEASING = YES;
				CLANG_WARN_BOOL_CONVERSION = YES;
				CLANG_WARN_COMMA = YES;
				CLANG_WARN_CONSTANT_CONVERSION = YES;
				CLANG_WARN_DEPRECATED_OBJC_IMPLEMENTATIONS = YES;
				CLANG_WARN_DIRECT_OBJC_ISA_USAGE = YES_ERROR;
				CLANG_WARN_DOCUMENTATION_COMMENTS = YES;
				CLANG_WARN_EMPTY_BODY = YES;
				CLANG_WARN_ENUM_CONVERSION = YES;
				CLANG_WARN_INFINITE_RECURSION = YES;
				CLANG_WARN_INT_CONVERSION = YES;
				CLANG_WARN_NON_LITERAL_NULL_CONVERSION = YES;
				CLANG_WARN_OBJC_IMPLICIT_RETAIN_SELF = YES;
				CLANG_WARN_OBJC_LITERAL_CONVERSION = YES;
				CLANG_WARN_OBJC_ROOT_CLASS = YES_ERROR;
				CLANG_WARN_QUOTED_INCLUDE_IN_FRAMEWORK_HEADER = YES;
				CLANG_WARN_RANGE_LOOP_ANALYSIS = YES;
				CLANG_WARN_STRICT_PROTOTYPES = YES;
				CLANG_WARN_SUSPICIOUS_MOVE = YES;
				CLANG_WARN_UNGUARDED_AVAILABILITY = YES_AGGRESSIVE;
				CLANG_WARN_UNREACHABLE_CODE = YES;
				CLANG_WARN__DUPLICATE_METHOD_MATCH = YES;
				COPY_PHASE_STRIP = NO;
				DEBUG_INFORMATION_FORMAT = dwarf;
				ENABLE_STRICT_OBJC_MSGSEND = YES;
				ENABLE_TESTABILITY = YES;
				GCC_C_LANGUAGE_STANDARD = gnu11;
				GCC_DYNAMIC_NO_PIC = NO;
				GCC_NO_COMMON_BLOCKS = YES;
				GCC_OPTIMIZATION_LEVEL = 0;
				GCC_PREPROCESSOR_DEFINITIONS = (
					"DEBUG=1",
					"$(inherited)",
				);
				GCC_WARN_64_TO_32_BIT_CONVERSION = YES;
				GCC_WARN_ABOUT_RETURN_TYPE = YES_ERROR;
				GCC_WARN_UNDECLARED_SELECTOR = YES;
				GCC_WARN_UNINITIALIZED_AUTOS = YES_AGGRESSIVE;
				GCC_WARN_UNUSED_FUNCTION = YES;
				GCC_WARN_UNUSED_VARIABLE = YES;
				IPHONEOS_DEPLOYMENT_TARGET = 15.4;
				MTL_ENABLE_DEBUG_INFO = INCLUDE_SOURCE;
				MTL_FAST_MATH = YES;
				ONLY_ACTIVE_ARCH = YES;
				SDKROOT = iphoneos;
				SWIFT_ACTIVE_COMPILATION_CONDITIONS = DEBUG;
				SWIFT_OPTIMIZATION_LEVEL = "-Onone";
			};
			name = Debug;
		};
		FFD28DFF2806F60700E1F02F /* Release */ = {
			isa = XCBuildConfiguration;
			buildSettings = {
				ALWAYS_SEARCH_USER_PATHS = NO;
				CLANG_ANALYZER_NONNULL = YES;
				CLANG_ANALYZER_NUMBER_OBJECT_CONVERSION = YES_AGGRESSIVE;
				CLANG_CXX_LANGUAGE_STANDARD = "gnu++17";
				CLANG_ENABLE_MODULES = YES;
				CLANG_ENABLE_OBJC_ARC = YES;
				CLANG_ENABLE_OBJC_WEAK = YES;
				CLANG_WARN_BLOCK_CAPTURE_AUTORELEASING = YES;
				CLANG_WARN_BOOL_CONVERSION = YES;
				CLANG_WARN_COMMA = YES;
				CLANG_WARN_CONSTANT_CONVERSION = YES;
				CLANG_WARN_DEPRECATED_OBJC_IMPLEMENTATIONS = YES;
				CLANG_WARN_DIRECT_OBJC_ISA_USAGE = YES_ERROR;
				CLANG_WARN_DOCUMENTATION_COMMENTS = YES;
				CLANG_WARN_EMPTY_BODY = YES;
				CLANG_WARN_ENUM_CONVERSION = YES;
				CLANG_WARN_INFINITE_RECURSION = YES;
				CLANG_WARN_INT_CONVERSION = YES;
				CLANG_WARN_NON_LITERAL_NULL_CONVERSION = YES;
				CLANG_WARN_OBJC_IMPLICIT_RETAIN_SELF = YES;
				CLANG_WARN_OBJC_LITERAL_CONVERSION = YES;
				CLANG_WARN_OBJC_ROOT_CLASS = YES_ERROR;
				CLANG_WARN_QUOTED_INCLUDE_IN_FRAMEWORK_HEADER = YES;
				CLANG_WARN_RANGE_LOOP_ANALYSIS = YES;
				CLANG_WARN_STRICT_PROTOTYPES = YES;
				CLANG_WARN_SUSPICIOUS_MOVE = YES;
				CLANG_WARN_UNGUARDED_AVAILABILITY = YES_AGGRESSIVE;
				CLANG_WARN_UNREACHABLE_CODE = YES;
				CLANG_WARN__DUPLICATE_METHOD_MATCH = YES;
				COPY_PHASE_STRIP = NO;
				DEBUG_INFORMATION_FORMAT = "dwarf-with-dsym";
				ENABLE_NS_ASSERTIONS = NO;
				ENABLE_STRICT_OBJC_MSGSEND = YES;
				GCC_C_LANGUAGE_STANDARD = gnu11;
				GCC_NO_COMMON_BLOCKS = YES;
				GCC_WARN_64_TO_32_BIT_CONVERSION = YES;
				GCC_WARN_ABOUT_RETURN_TYPE = YES_ERROR;
				GCC_WARN_UNDECLARED_SELECTOR = YES;
				GCC_WARN_UNINITIALIZED_AUTOS = YES_AGGRESSIVE;
				GCC_WARN_UNUSED_FUNCTION = YES;
				GCC_WARN_UNUSED_VARIABLE = YES;
				IPHONEOS_DEPLOYMENT_TARGET = 15.4;
				MTL_ENABLE_DEBUG_INFO = NO;
				MTL_FAST_MATH = YES;
				SDKROOT = iphoneos;
				SWIFT_COMPILATION_MODE = wholemodule;
				SWIFT_OPTIMIZATION_LEVEL = "-O";
				VALIDATE_PRODUCT = YES;
			};
			name = Release;
		};
		FFD28E012806F60700E1F02F /* Debug */ = {
			isa = XCBuildConfiguration;
			buildSettings = {
				ASSETCATALOG_COMPILER_APPICON_NAME = AppIcon;
				ASSETCATALOG_COMPILER_GLOBAL_ACCENT_COLOR_NAME = AccentColor;
				CODE_SIGN_STYLE = Automatic;
				CURRENT_PROJECT_VERSION = 1;
				DEVELOPMENT_ASSET_PATHS = "\"SwiftfulCrypto/Preview Content\"";
				DEVELOPMENT_TEAM = J275YB2YPQ;
				ENABLE_PREVIEWS = YES;
				GENERATE_INFOPLIST_FILE = YES;
				INFOPLIST_KEY_UIApplicationSceneManifest_Generation = YES;
				INFOPLIST_KEY_UIApplicationSupportsIndirectInputEvents = YES;
				INFOPLIST_KEY_UILaunchScreen_Generation = YES;
				INFOPLIST_KEY_UISupportedInterfaceOrientations = UIInterfaceOrientationPortrait;
				INFOPLIST_KEY_UISupportedInterfaceOrientations_iPad = "UIInterfaceOrientationPortrait UIInterfaceOrientationPortraitUpsideDown UIInterfaceOrientationLandscapeLeft UIInterfaceOrientationLandscapeRight";
				INFOPLIST_KEY_UISupportedInterfaceOrientations_iPhone = UIInterfaceOrientationPortrait;
				LD_RUNPATH_SEARCH_PATHS = (
					"$(inherited)",
					"@executable_path/Frameworks",
				);
				MARKETING_VERSION = 1.0;
				PRODUCT_BUNDLE_IDENTIFIER = com.codablecode.SwiftfulCrypto;
				PRODUCT_NAME = "Crypto tracker";
				SWIFT_EMIT_LOC_STRINGS = YES;
				SWIFT_VERSION = 5.0;
				TARGETED_DEVICE_FAMILY = "1,2";
			};
			name = Debug;
		};
		FFD28E022806F60700E1F02F /* Release */ = {
			isa = XCBuildConfiguration;
			buildSettings = {
				ASSETCATALOG_COMPILER_APPICON_NAME = AppIcon;
				ASSETCATALOG_COMPILER_GLOBAL_ACCENT_COLOR_NAME = AccentColor;
				CODE_SIGN_STYLE = Automatic;
				CURRENT_PROJECT_VERSION = 1;
				DEVELOPMENT_ASSET_PATHS = "\"SwiftfulCrypto/Preview Content\"";
				DEVELOPMENT_TEAM = J275YB2YPQ;
				ENABLE_PREVIEWS = YES;
				GENERATE_INFOPLIST_FILE = YES;
				INFOPLIST_KEY_UIApplicationSceneManifest_Generation = YES;
				INFOPLIST_KEY_UIApplicationSupportsIndirectInputEvents = YES;
				INFOPLIST_KEY_UILaunchScreen_Generation = YES;
				INFOPLIST_KEY_UISupportedInterfaceOrientations = UIInterfaceOrientationPortrait;
				INFOPLIST_KEY_UISupportedInterfaceOrientations_iPad = "UIInterfaceOrientationPortrait UIInterfaceOrientationPortraitUpsideDown UIInterfaceOrientationLandscapeLeft UIInterfaceOrientationLandscapeRight";
				INFOPLIST_KEY_UISupportedInterfaceOrientations_iPhone = UIInterfaceOrientationPortrait;
				LD_RUNPATH_SEARCH_PATHS = (
					"$(inherited)",
					"@executable_path/Frameworks",
				);
				MARKETING_VERSION = 1.0;
				PRODUCT_BUNDLE_IDENTIFIER = com.codablecode.SwiftfulCrypto;
				PRODUCT_NAME = "Crypto tracker";
				SWIFT_EMIT_LOC_STRINGS = YES;
				SWIFT_VERSION = 5.0;
				TARGETED_DEVICE_FAMILY = "1,2";
			};
			name = Release;
		};
/* End XCBuildConfiguration section */

/* Begin XCConfigurationList section */
		FFD28DED2806F60300E1F02F /* Build configuration list for PBXProject "SwiftfulCrypto" */ = {
			isa = XCConfigurationList;
			buildConfigurations = (
				FFD28DFE2806F60700E1F02F /* Debug */,
				FFD28DFF2806F60700E1F02F /* Release */,
			);
			defaultConfigurationIsVisible = 0;
			defaultConfigurationName = Release;
		};
		FFD28E002806F60700E1F02F /* Build configuration list for PBXNativeTarget "SwiftfulCrypto" */ = {
			isa = XCConfigurationList;
			buildConfigurations = (
				FFD28E012806F60700E1F02F /* Debug */,
				FFD28E022806F60700E1F02F /* Release */,
			);
			defaultConfigurationIsVisible = 0;
			defaultConfigurationName = Release;
		};
/* End XCConfigurationList section */
	};
	rootObject = FFD28DEA2806F60300E1F02F /* Project object */;
}
